// !$*UTF8*$!
{
	archiveVersion = 1;
	classes = {
	};
	objectVersion = 56;
	objects = {

/* Begin PBXBuildFile section */
		D0FC318F299AF51B008059DB /* Food_IdentificatorApp.swift in Sources */ = {isa = PBXBuildFile; fileRef = D0FC318E299AF51B008059DB /* Food_IdentificatorApp.swift */; };
		D0FC3191299AF51B008059DB /* ContentView.swift in Sources */ = {isa = PBXBuildFile; fileRef = D0FC3190299AF51B008059DB /* ContentView.swift */; };
		D0FC3193299AF51D008059DB /* Assets.xcassets in Resources */ = {isa = PBXBuildFile; fileRef = D0FC3192299AF51D008059DB /* Assets.xcassets */; };
		D0FC3197299AF51D008059DB /* Preview Assets.xcassets in Resources */ = {isa = PBXBuildFile; fileRef = D0FC3196299AF51D008059DB /* Preview Assets.xcassets */; };
		D0FC31A1299AF51E008059DB /* Food_IdentificatorTests.swift in Sources */ = {isa = PBXBuildFile; fileRef = D0FC31A0299AF51E008059DB /* Food_IdentificatorTests.swift */; };
		D0FC31AB299AF51E008059DB /* Food_IdentificatorUITests.swift in Sources */ = {isa = PBXBuildFile; fileRef = D0FC31AA299AF51E008059DB /* Food_IdentificatorUITests.swift */; };
		D0FC31AD299AF51E008059DB /* Food_IdentificatorUITestsLaunchTests.swift in Sources */ = {isa = PBXBuildFile; fileRef = D0FC31AC299AF51E008059DB /* Food_IdentificatorUITestsLaunchTests.swift */; };
		D0FC31C0299B3BBB008059DB /* HistoryView.swift in Sources */ = {isa = PBXBuildFile; fileRef = D0FC31BF299B3BBB008059DB /* HistoryView.swift */; };
		D0FC31C2299B3CD7008059DB /* AboutView.swift in Sources */ = {isa = PBXBuildFile; fileRef = D0FC31C1299B3CD7008059DB /* AboutView.swift */; };
		D0FC31C4299B3CE5008059DB /* ExamplesView.swift in Sources */ = {isa = PBXBuildFile; fileRef = D0FC31C3299B3CE5008059DB /* ExamplesView.swift */; };
		D0FC31C6299B3CFA008059DB /* ResultsView.swift in Sources */ = {isa = PBXBuildFile; fileRef = D0FC31C5299B3CFA008059DB /* ResultsView.swift */; };
		D0FC31C8299B3D43008059DB /* SaveView.swift in Sources */ = {isa = PBXBuildFile; fileRef = D0FC31C7299B3D43008059DB /* SaveView.swift */; };
		D0FC320B29B3F552008059DB /* ImagePicker.swift in Sources */ = {isa = PBXBuildFile; fileRef = D0FC320A29B3F552008059DB /* ImagePicker.swift */; };
/* End PBXBuildFile section */

/* Begin PBXContainerItemProxy section */
		D0FC319D299AF51E008059DB /* PBXContainerItemProxy */ = {
			isa = PBXContainerItemProxy;
			containerPortal = D0FC3183299AF51B008059DB /* Project object */;
			proxyType = 1;
			remoteGlobalIDString = D0FC318A299AF51B008059DB;
			remoteInfo = "Food Identificator";
		};
		D0FC31A7299AF51E008059DB /* PBXContainerItemProxy */ = {
			isa = PBXContainerItemProxy;
			containerPortal = D0FC3183299AF51B008059DB /* Project object */;
			proxyType = 1;
			remoteGlobalIDString = D0FC318A299AF51B008059DB;
			remoteInfo = "Food Identificator";
		};
/* End PBXContainerItemProxy section */

/* Begin PBXFileReference section */
		D0FC318B299AF51B008059DB /* Food Identificator.app */ = {isa = PBXFileReference; explicitFileType = wrapper.application; includeInIndex = 0; path = "Food Identificator.app"; sourceTree = BUILT_PRODUCTS_DIR; };
		D0FC318E299AF51B008059DB /* Food_IdentificatorApp.swift */ = {isa = PBXFileReference; lastKnownFileType = sourcecode.swift; path = Food_IdentificatorApp.swift; sourceTree = "<group>"; };
		D0FC3190299AF51B008059DB /* ContentView.swift */ = {isa = PBXFileReference; lastKnownFileType = sourcecode.swift; path = ContentView.swift; sourceTree = "<group>"; };
		D0FC3192299AF51D008059DB /* Assets.xcassets */ = {isa = PBXFileReference; lastKnownFileType = folder.assetcatalog; path = Assets.xcassets; sourceTree = "<group>"; };
		D0FC3194299AF51D008059DB /* Food_Identificator.entitlements */ = {isa = PBXFileReference; lastKnownFileType = text.plist.entitlements; path = Food_Identificator.entitlements; sourceTree = "<group>"; };
		D0FC3196299AF51D008059DB /* Preview Assets.xcassets */ = {isa = PBXFileReference; lastKnownFileType = folder.assetcatalog; path = "Preview Assets.xcassets"; sourceTree = "<group>"; };
		D0FC319C299AF51E008059DB /* Food IdentificatorTests.xctest */ = {isa = PBXFileReference; explicitFileType = wrapper.cfbundle; includeInIndex = 0; path = "Food IdentificatorTests.xctest"; sourceTree = BUILT_PRODUCTS_DIR; };
		D0FC31A0299AF51E008059DB /* Food_IdentificatorTests.swift */ = {isa = PBXFileReference; lastKnownFileType = sourcecode.swift; path = Food_IdentificatorTests.swift; sourceTree = "<group>"; };
		D0FC31A6299AF51E008059DB /* Food IdentificatorUITests.xctest */ = {isa = PBXFileReference; explicitFileType = wrapper.cfbundle; includeInIndex = 0; path = "Food IdentificatorUITests.xctest"; sourceTree = BUILT_PRODUCTS_DIR; };
		D0FC31AA299AF51E008059DB /* Food_IdentificatorUITests.swift */ = {isa = PBXFileReference; lastKnownFileType = sourcecode.swift; path = Food_IdentificatorUITests.swift; sourceTree = "<group>"; };
		D0FC31AC299AF51E008059DB /* Food_IdentificatorUITestsLaunchTests.swift */ = {isa = PBXFileReference; lastKnownFileType = sourcecode.swift; path = Food_IdentificatorUITestsLaunchTests.swift; sourceTree = "<group>"; };
		D0FC31BF299B3BBB008059DB /* HistoryView.swift */ = {isa = PBXFileReference; lastKnownFileType = sourcecode.swift; path = HistoryView.swift; sourceTree = "<group>"; };
		D0FC31C1299B3CD7008059DB /* AboutView.swift */ = {isa = PBXFileReference; lastKnownFileType = sourcecode.swift; path = AboutView.swift; sourceTree = "<group>"; };
		D0FC31C3299B3CE5008059DB /* ExamplesView.swift */ = {isa = PBXFileReference; lastKnownFileType = sourcecode.swift; path = ExamplesView.swift; sourceTree = "<group>"; };
		D0FC31C5299B3CFA008059DB /* ResultsView.swift */ = {isa = PBXFileReference; lastKnownFileType = sourcecode.swift; path = ResultsView.swift; sourceTree = "<group>"; };
		D0FC31C7299B3D43008059DB /* SaveView.swift */ = {isa = PBXFileReference; lastKnownFileType = sourcecode.swift; path = SaveView.swift; sourceTree = "<group>"; };
		D0FC320A29B3F552008059DB /* ImagePicker.swift */ = {isa = PBXFileReference; lastKnownFileType = sourcecode.swift; path = ImagePicker.swift; sourceTree = "<group>"; };
/* End PBXFileReference section */

/* Begin PBXFrameworksBuildPhase section */
		D0FC3188299AF51B008059DB /* Frameworks */ = {
			isa = PBXFrameworksBuildPhase;
			buildActionMask = 2147483647;
			files = (
			);
			runOnlyForDeploymentPostprocessing = 0;
		};
		D0FC3199299AF51E008059DB /* Frameworks */ = {
			isa = PBXFrameworksBuildPhase;
			buildActionMask = 2147483647;
			files = (
			);
			runOnlyForDeploymentPostprocessing = 0;
		};
		D0FC31A3299AF51E008059DB /* Frameworks */ = {
			isa = PBXFrameworksBuildPhase;
			buildActionMask = 2147483647;
			files = (
			);
			runOnlyForDeploymentPostprocessing = 0;
		};
/* End PBXFrameworksBuildPhase section */

/* Begin PBXGroup section */
		D0FC3182299AF51B008059DB = {
			isa = PBXGroup;
			children = (
				D0FC318D299AF51B008059DB /* Food Identificator */,
				D0FC319F299AF51E008059DB /* Food IdentificatorTests */,
				D0FC31A9299AF51E008059DB /* Food IdentificatorUITests */,
				D0FC318C299AF51B008059DB /* Products */,
			);
			sourceTree = "<group>";
		};
		D0FC318C299AF51B008059DB /* Products */ = {
			isa = PBXGroup;
			children = (
				D0FC318B299AF51B008059DB /* Food Identificator.app */,
				D0FC319C299AF51E008059DB /* Food IdentificatorTests.xctest */,
				D0FC31A6299AF51E008059DB /* Food IdentificatorUITests.xctest */,
			);
			name = Products;
			sourceTree = "<group>";
		};
		D0FC318D299AF51B008059DB /* Food Identificator */ = {
			isa = PBXGroup;
			children = (
				D0FC320829B2ABB5008059DB /* Views */,
				D0FC3192299AF51D008059DB /* Assets.xcassets */,
				D0FC3194299AF51D008059DB /* Food_Identificator.entitlements */,
				D0FC3195299AF51D008059DB /* Preview Content */,
			);
			path = "Food Identificator";
			sourceTree = "<group>";
		};
		D0FC3195299AF51D008059DB /* Preview Content */ = {
			isa = PBXGroup;
			children = (
				D0FC3196299AF51D008059DB /* Preview Assets.xcassets */,
			);
			path = "Preview Content";
			sourceTree = "<group>";
		};
		D0FC319F299AF51E008059DB /* Food IdentificatorTests */ = {
			isa = PBXGroup;
			children = (
				D0FC31A0299AF51E008059DB /* Food_IdentificatorTests.swift */,
			);
			path = "Food IdentificatorTests";
			sourceTree = "<group>";
		};
		D0FC31A9299AF51E008059DB /* Food IdentificatorUITests */ = {
			isa = PBXGroup;
			children = (
				D0FC31AA299AF51E008059DB /* Food_IdentificatorUITests.swift */,
				D0FC31AC299AF51E008059DB /* Food_IdentificatorUITestsLaunchTests.swift */,
			);
			path = "Food IdentificatorUITests";
			sourceTree = "<group>";
		};
		D0FC320829B2ABB5008059DB /* Views */ = {
			isa = PBXGroup;
			children = (
				D0FC318E299AF51B008059DB /* Food_IdentificatorApp.swift */,
				D0FC3190299AF51B008059DB /* ContentView.swift */,
				D0FC31BF299B3BBB008059DB /* HistoryView.swift */,
				D0FC31C1299B3CD7008059DB /* AboutView.swift */,
				D0FC31C3299B3CE5008059DB /* ExamplesView.swift */,
				D0FC31C5299B3CFA008059DB /* ResultsView.swift */,
				D0FC31C7299B3D43008059DB /* SaveView.swift */,
				D0FC320A29B3F552008059DB /* ImagePicker.swift */,
			);
			path = Views;
			sourceTree = "<group>";
		};
/* End PBXGroup section */

/* Begin PBXNativeTarget section */
		D0FC318A299AF51B008059DB /* Food Identificator */ = {
			isa = PBXNativeTarget;
			buildConfigurationList = D0FC31B0299AF51E008059DB /* Build configuration list for PBXNativeTarget "Food Identificator" */;
			buildPhases = (
				D0FC3187299AF51B008059DB /* Sources */,
				D0FC3188299AF51B008059DB /* Frameworks */,
				D0FC3189299AF51B008059DB /* Resources */,
			);
			buildRules = (
			);
			dependencies = (
			);
			name = "Food Identificator";
			productName = "Food Identificator";
			productReference = D0FC318B299AF51B008059DB /* Food Identificator.app */;
			productType = "com.apple.product-type.application";
		};
		D0FC319B299AF51E008059DB /* Food IdentificatorTests */ = {
			isa = PBXNativeTarget;
			buildConfigurationList = D0FC31B3299AF51E008059DB /* Build configuration list for PBXNativeTarget "Food IdentificatorTests" */;
			buildPhases = (
				D0FC3198299AF51E008059DB /* Sources */,
				D0FC3199299AF51E008059DB /* Frameworks */,
				D0FC319A299AF51E008059DB /* Resources */,
			);
			buildRules = (
			);
			dependencies = (
				D0FC319E299AF51E008059DB /* PBXTargetDependency */,
			);
			name = "Food IdentificatorTests";
			productName = "Food IdentificatorTests";
			productReference = D0FC319C299AF51E008059DB /* Food IdentificatorTests.xctest */;
			productType = "com.apple.product-type.bundle.unit-test";
		};
		D0FC31A5299AF51E008059DB /* Food IdentificatorUITests */ = {
			isa = PBXNativeTarget;
			buildConfigurationList = D0FC31B6299AF51E008059DB /* Build configuration list for PBXNativeTarget "Food IdentificatorUITests" */;
			buildPhases = (
				D0FC31A2299AF51E008059DB /* Sources */,
				D0FC31A3299AF51E008059DB /* Frameworks */,
				D0FC31A4299AF51E008059DB /* Resources */,
			);
			buildRules = (
			);
			dependencies = (
				D0FC31A8299AF51E008059DB /* PBXTargetDependency */,
			);
			name = "Food IdentificatorUITests";
			productName = "Food IdentificatorUITests";
			productReference = D0FC31A6299AF51E008059DB /* Food IdentificatorUITests.xctest */;
			productType = "com.apple.product-type.bundle.ui-testing";
		};
/* End PBXNativeTarget section */

/* Begin PBXProject section */
		D0FC3183299AF51B008059DB /* Project object */ = {
			isa = PBXProject;
			attributes = {
				BuildIndependentTargetsInParallel = 1;
				LastSwiftUpdateCheck = 1420;
				LastUpgradeCheck = 1420;
				TargetAttributes = {
					D0FC318A299AF51B008059DB = {
						CreatedOnToolsVersion = 14.2;
					};
					D0FC319B299AF51E008059DB = {
						CreatedOnToolsVersion = 14.2;
						TestTargetID = D0FC318A299AF51B008059DB;
					};
					D0FC31A5299AF51E008059DB = {
						CreatedOnToolsVersion = 14.2;
						TestTargetID = D0FC318A299AF51B008059DB;
					};
				};
			};
			buildConfigurationList = D0FC3186299AF51B008059DB /* Build configuration list for PBXProject "Food Identificator" */;
			compatibilityVersion = "Xcode 14.0";
			developmentRegion = en;
			hasScannedForEncodings = 0;
			knownRegions = (
				en,
				Base,
			);
			mainGroup = D0FC3182299AF51B008059DB;
			productRefGroup = D0FC318C299AF51B008059DB /* Products */;
			projectDirPath = "";
			projectRoot = "";
			targets = (
				D0FC318A299AF51B008059DB /* Food Identificator */,
				D0FC319B299AF51E008059DB /* Food IdentificatorTests */,
				D0FC31A5299AF51E008059DB /* Food IdentificatorUITests */,
			);
		};
/* End PBXProject section */

/* Begin PBXResourcesBuildPhase section */
		D0FC3189299AF51B008059DB /* Resources */ = {
			isa = PBXResourcesBuildPhase;
			buildActionMask = 2147483647;
			files = (
				D0FC3197299AF51D008059DB /* Preview Assets.xcassets in Resources */,
				D0FC3193299AF51D008059DB /* Assets.xcassets in Resources */,
			);
			runOnlyForDeploymentPostprocessing = 0;
		};
		D0FC319A299AF51E008059DB /* Resources */ = {
			isa = PBXResourcesBuildPhase;
			buildActionMask = 2147483647;
			files = (
			);
			runOnlyForDeploymentPostprocessing = 0;
		};
		D0FC31A4299AF51E008059DB /* Resources */ = {
			isa = PBXResourcesBuildPhase;
			buildActionMask = 2147483647;
			files = (
			);
			runOnlyForDeploymentPostprocessing = 0;
		};
/* End PBXResourcesBuildPhase section */

/* Begin PBXSourcesBuildPhase section */
		D0FC3187299AF51B008059DB /* Sources */ = {
			isa = PBXSourcesBuildPhase;
			buildActionMask = 2147483647;
			files = (
				D0FC31C2299B3CD7008059DB /* AboutView.swift in Sources */,
				D0FC31C6299B3CFA008059DB /* ResultsView.swift in Sources */,
				D0FC31C4299B3CE5008059DB /* ExamplesView.swift in Sources */,
				D0FC320B29B3F552008059DB /* ImagePicker.swift in Sources */,
				D0FC3191299AF51B008059DB /* ContentView.swift in Sources */,
				D0FC31C8299B3D43008059DB /* SaveView.swift in Sources */,
				D0FC31C0299B3BBB008059DB /* HistoryView.swift in Sources */,
				D0FC318F299AF51B008059DB /* Food_IdentificatorApp.swift in Sources */,
			);
			runOnlyForDeploymentPostprocessing = 0;
		};
		D0FC3198299AF51E008059DB /* Sources */ = {
			isa = PBXSourcesBuildPhase;
			buildActionMask = 2147483647;
			files = (
				D0FC31A1299AF51E008059DB /* Food_IdentificatorTests.swift in Sources */,
			);
			runOnlyForDeploymentPostprocessing = 0;
		};
		D0FC31A2299AF51E008059DB /* Sources */ = {
			isa = PBXSourcesBuildPhase;
			buildActionMask = 2147483647;
			files = (
				D0FC31AD299AF51E008059DB /* Food_IdentificatorUITestsLaunchTests.swift in Sources */,
				D0FC31AB299AF51E008059DB /* Food_IdentificatorUITests.swift in Sources */,
			);
			runOnlyForDeploymentPostprocessing = 0;
		};
/* End PBXSourcesBuildPhase section */

/* Begin PBXTargetDependency section */
		D0FC319E299AF51E008059DB /* PBXTargetDependency */ = {
			isa = PBXTargetDependency;
			target = D0FC318A299AF51B008059DB /* Food Identificator */;
			targetProxy = D0FC319D299AF51E008059DB /* PBXContainerItemProxy */;
		};
		D0FC31A8299AF51E008059DB /* PBXTargetDependency */ = {
			isa = PBXTargetDependency;
			target = D0FC318A299AF51B008059DB /* Food Identificator */;
			targetProxy = D0FC31A7299AF51E008059DB /* PBXContainerItemProxy */;
		};
/* End PBXTargetDependency section */

/* Begin XCBuildConfiguration section */
		D0FC31AE299AF51E008059DB /* Debug */ = {
			isa = XCBuildConfiguration;
			buildSettings = {
				ALWAYS_SEARCH_USER_PATHS = NO;
				CLANG_ANALYZER_NONNULL = YES;
				CLANG_ANALYZER_NUMBER_OBJECT_CONVERSION = YES_AGGRESSIVE;
				CLANG_CXX_LANGUAGE_STANDARD = "gnu++20";
				CLANG_ENABLE_MODULES = YES;
				CLANG_ENABLE_OBJC_ARC = YES;
				CLANG_ENABLE_OBJC_WEAK = YES;
				CLANG_WARN_BLOCK_CAPTURE_AUTORELEASING = YES;
				CLANG_WARN_BOOL_CONVERSION = YES;
				CLANG_WARN_COMMA = YES;
				CLANG_WARN_CONSTANT_CONVERSION = YES;
				CLANG_WARN_DEPRECATED_OBJC_IMPLEMENTATIONS = YES;
				CLANG_WARN_DIRECT_OBJC_ISA_USAGE = YES_ERROR;
				CLANG_WARN_DOCUMENTATION_COMMENTS = YES;
				CLANG_WARN_EMPTY_BODY = YES;
				CLANG_WARN_ENUM_CONVERSION = YES;
				CLANG_WARN_INFINITE_RECURSION = YES;
				CLANG_WARN_INT_CONVERSION = YES;
				CLANG_WARN_NON_LITERAL_NULL_CONVERSION = YES;
				CLANG_WARN_OBJC_IMPLICIT_RETAIN_SELF = YES;
				CLANG_WARN_OBJC_LITERAL_CONVERSION = YES;
				CLANG_WARN_OBJC_ROOT_CLASS = YES_ERROR;
				CLANG_WARN_QUOTED_INCLUDE_IN_FRAMEWORK_HEADER = YES;
				CLANG_WARN_RANGE_LOOP_ANALYSIS = YES;
				CLANG_WARN_STRICT_PROTOTYPES = YES;
				CLANG_WARN_SUSPICIOUS_MOVE = YES;
				CLANG_WARN_UNGUARDED_AVAILABILITY = YES_AGGRESSIVE;
				CLANG_WARN_UNREACHABLE_CODE = YES;
				CLANG_WARN__DUPLICATE_METHOD_MATCH = YES;
				COPY_PHASE_STRIP = NO;
				DEBUG_INFORMATION_FORMAT = dwarf;
				ENABLE_STRICT_OBJC_MSGSEND = YES;
				ENABLE_TESTABILITY = YES;
				GCC_C_LANGUAGE_STANDARD = gnu11;
				GCC_DYNAMIC_NO_PIC = NO;
				GCC_NO_COMMON_BLOCKS = YES;
				GCC_OPTIMIZATION_LEVEL = 0;
				GCC_PREPROCESSOR_DEFINITIONS = (
					"DEBUG=1",
					"$(inherited)",
				);
				GCC_WARN_64_TO_32_BIT_CONVERSION = YES;
				GCC_WARN_ABOUT_RETURN_TYPE = YES_ERROR;
				GCC_WARN_UNDECLARED_SELECTOR = YES;
				GCC_WARN_UNINITIALIZED_AUTOS = YES_AGGRESSIVE;
				GCC_WARN_UNUSED_FUNCTION = YES;
				GCC_WARN_UNUSED_VARIABLE = YES;
				MTL_ENABLE_DEBUG_INFO = INCLUDE_SOURCE;
				MTL_FAST_MATH = YES;
				ONLY_ACTIVE_ARCH = YES;
				SWIFT_ACTIVE_COMPILATION_CONDITIONS = DEBUG;
				SWIFT_OPTIMIZATION_LEVEL = "-Onone";
			};
			name = Debug;
		};
		D0FC31AF299AF51E008059DB /* Release */ = {
			isa = XCBuildConfiguration;
			buildSettings = {
				ALWAYS_SEARCH_USER_PATHS = NO;
				CLANG_ANALYZER_NONNULL = YES;
				CLANG_ANALYZER_NUMBER_OBJECT_CONVERSION = YES_AGGRESSIVE;
				CLANG_CXX_LANGUAGE_STANDARD = "gnu++20";
				CLANG_ENABLE_MODULES = YES;
				CLANG_ENABLE_OBJC_ARC = YES;
				CLANG_ENABLE_OBJC_WEAK = YES;
				CLANG_WARN_BLOCK_CAPTURE_AUTORELEASING = YES;
				CLANG_WARN_BOOL_CONVERSION = YES;
				CLANG_WARN_COMMA = YES;
				CLANG_WARN_CONSTANT_CONVERSION = YES;
				CLANG_WARN_DEPRECATED_OBJC_IMPLEMENTATIONS = YES;
				CLANG_WARN_DIRECT_OBJC_ISA_USAGE = YES_ERROR;
				CLANG_WARN_DOCUMENTATION_COMMENTS = YES;
				CLANG_WARN_EMPTY_BODY = YES;
				CLANG_WARN_ENUM_CONVERSION = YES;
				CLANG_WARN_INFINITE_RECURSION = YES;
				CLANG_WARN_INT_CONVERSION = YES;
				CLANG_WARN_NON_LITERAL_NULL_CONVERSION = YES;
				CLANG_WARN_OBJC_IMPLICIT_RETAIN_SELF = YES;
				CLANG_WARN_OBJC_LITERAL_CONVERSION = YES;
				CLANG_WARN_OBJC_ROOT_CLASS = YES_ERROR;
				CLANG_WARN_QUOTED_INCLUDE_IN_FRAMEWORK_HEADER = YES;
				CLANG_WARN_RANGE_LOOP_ANALYSIS = YES;
				CLANG_WARN_STRICT_PROTOTYPES = YES;
				CLANG_WARN_SUSPICIOUS_MOVE = YES;
				CLANG_WARN_UNGUARDED_AVAILABILITY = YES_AGGRESSIVE;
				CLANG_WARN_UNREACHABLE_CODE = YES;
				CLANG_WARN__DUPLICATE_METHOD_MATCH = YES;
				COPY_PHASE_STRIP = NO;
				DEBUG_INFORMATION_FORMAT = "dwarf-with-dsym";
				ENABLE_NS_ASSERTIONS = NO;
				ENABLE_STRICT_OBJC_MSGSEND = YES;
				GCC_C_LANGUAGE_STANDARD = gnu11;
				GCC_NO_COMMON_BLOCKS = YES;
				GCC_WARN_64_TO_32_BIT_CONVERSION = YES;
				GCC_WARN_ABOUT_RETURN_TYPE = YES_ERROR;
				GCC_WARN_UNDECLARED_SELECTOR = YES;
				GCC_WARN_UNINITIALIZED_AUTOS = YES_AGGRESSIVE;
				GCC_WARN_UNUSED_FUNCTION = YES;
				GCC_WARN_UNUSED_VARIABLE = YES;
				MTL_ENABLE_DEBUG_INFO = NO;
				MTL_FAST_MATH = YES;
				SWIFT_COMPILATION_MODE = wholemodule;
				SWIFT_OPTIMIZATION_LEVEL = "-O";
			};
			name = Release;
		};
		D0FC31B1299AF51E008059DB /* Debug */ = {
			isa = XCBuildConfiguration;
			buildSettings = {
				ASSETCATALOG_COMPILER_APPICON_NAME = AppIcon;
				ASSETCATALOG_COMPILER_GLOBAL_ACCENT_COLOR_NAME = AccentColor;
				CODE_SIGN_ENTITLEMENTS = "Food Identificator/Food_Identificator.entitlements";
				CODE_SIGN_STYLE = Automatic;
				CURRENT_PROJECT_VERSION = 1;
				DEVELOPMENT_ASSET_PATHS = "\"Food Identificator/Preview Content\"";
				DEVELOPMENT_TEAM = 4YP3WVCPHJ;
				ENABLE_PREVIEWS = YES;
				GENERATE_INFOPLIST_FILE = YES;
				INFOPLIST_KEY_NSCameraUsageDescription = "$(PRODUCT_NAME) needs camera access to take pictures of foods to process";
				INFOPLIST_KEY_NSPhotoLibraryUsageDescription = "$(PRODUCT_NAME) needs photo library access to upload images to be processed";
				"INFOPLIST_KEY_UIApplicationSceneManifest_Generation[sdk=iphoneos*]" = YES;
				"INFOPLIST_KEY_UIApplicationSceneManifest_Generation[sdk=iphonesimulator*]" = YES;
				"INFOPLIST_KEY_UIApplicationSupportsIndirectInputEvents[sdk=iphoneos*]" = YES;
				"INFOPLIST_KEY_UIApplicationSupportsIndirectInputEvents[sdk=iphonesimulator*]" = YES;
				"INFOPLIST_KEY_UILaunchScreen_Generation[sdk=iphoneos*]" = YES;
				"INFOPLIST_KEY_UILaunchScreen_Generation[sdk=iphonesimulator*]" = YES;
				"INFOPLIST_KEY_UIStatusBarStyle[sdk=iphoneos*]" = UIStatusBarStyleDefault;
				"INFOPLIST_KEY_UIStatusBarStyle[sdk=iphonesimulator*]" = UIStatusBarStyleDefault;
				INFOPLIST_KEY_UISupportedInterfaceOrientations_iPad = "UIInterfaceOrientationPortrait UIInterfaceOrientationPortraitUpsideDown UIInterfaceOrientationLandscapeLeft UIInterfaceOrientationLandscapeRight";
				INFOPLIST_KEY_UISupportedInterfaceOrientations_iPhone = "UIInterfaceOrientationPortrait UIInterfaceOrientationLandscapeLeft UIInterfaceOrientationLandscapeRight";
				IPHONEOS_DEPLOYMENT_TARGET = 16.2;
				LD_RUNPATH_SEARCH_PATHS = "@executable_path/Frameworks";
				"LD_RUNPATH_SEARCH_PATHS[sdk=macosx*]" = "@executable_path/../Frameworks";
				MACOSX_DEPLOYMENT_TARGET = 12.6;
				MARKETING_VERSION = 1.0;
				PRODUCT_BUNDLE_IDENTIFIER = "Group17.Food-Identificator";
				PRODUCT_NAME = "$(TARGET_NAME)";
				SDKROOT = auto;
				SUPPORTED_PLATFORMS = "iphoneos iphonesimulator macosx";
				SWIFT_EMIT_LOC_STRINGS = YES;
				SWIFT_VERSION = 5.0;
				TARGETED_DEVICE_FAMILY = "1,2";
			};
			name = Debug;
		};
		D0FC31B2299AF51E008059DB /* Release */ = {
			isa = XCBuildConfiguration;
			buildSettings = {
				ASSETCATALOG_COMPILER_APPICON_NAME = AppIcon;
				ASSETCATALOG_COMPILER_GLOBAL_ACCENT_COLOR_NAME = AccentColor;
				CODE_SIGN_ENTITLEMENTS = "Food Identificator/Food_Identificator.entitlements";
				CODE_SIGN_STYLE = Automatic;
				CURRENT_PROJECT_VERSION = 1;
				DEVELOPMENT_ASSET_PATHS = "\"Food Identificator/Preview Content\"";
				DEVELOPMENT_TEAM = 4YP3WVCPHJ;
				ENABLE_PREVIEWS = YES;
				GENERATE_INFOPLIST_FILE = YES;
				INFOPLIST_KEY_NSCameraUsageDescription = "$(PRODUCT_NAME) needs camera access to take pictures of foods to process";
				INFOPLIST_KEY_NSPhotoLibraryUsageDescription = "$(PRODUCT_NAME) needs photo library access to upload images to be processed";
				"INFOPLIST_KEY_UIApplicationSceneManifest_Generation[sdk=iphoneos*]" = YES;
				"INFOPLIST_KEY_UIApplicationSceneManifest_Generation[sdk=iphonesimulator*]" = YES;
				"INFOPLIST_KEY_UIApplicationSupportsIndirectInputEvents[sdk=iphoneos*]" = YES;
				"INFOPLIST_KEY_UIApplicationSupportsIndirectInputEvents[sdk=iphonesimulator*]" = YES;
				"INFOPLIST_KEY_UILaunchScreen_Generation[sdk=iphoneos*]" = YES;
				"INFOPLIST_KEY_UILaunchScreen_Generation[sdk=iphonesimulator*]" = YES;
				"INFOPLIST_KEY_UIStatusBarStyle[sdk=iphoneos*]" = UIStatusBarStyleDefault;
				"INFOPLIST_KEY_UIStatusBarStyle[sdk=iphonesimulator*]" = UIStatusBarStyleDefault;
				INFOPLIST_KEY_UISupportedInterfaceOrientations_iPad = "UIInterfaceOrientationPortrait UIInterfaceOrientationPortraitUpsideDown UIInterfaceOrientationLandscapeLeft UIInterfaceOrientationLandscapeRight";
				INFOPLIST_KEY_UISupportedInterfaceOrientations_iPhone = "UIInterfaceOrientationPortrait UIInterfaceOrientationLandscapeLeft UIInterfaceOrientationLandscapeRight";
				IPHONEOS_DEPLOYMENT_TARGET = 16.2;
				LD_RUNPATH_SEARCH_PATHS = "@executable_path/Frameworks";
				"LD_RUNPATH_SEARCH_PATHS[sdk=macosx*]" = "@executable_path/../Frameworks";
				MACOSX_DEPLOYMENT_TARGET = 12.6;
				MARKETING_VERSION = 1.0;
				PRODUCT_BUNDLE_IDENTIFIER = "Group17.Food-Identificator";
				PRODUCT_NAME = "$(TARGET_NAME)";
				SDKROOT = auto;
				SUPPORTED_PLATFORMS = "iphoneos iphonesimulator macosx";
				SWIFT_EMIT_LOC_STRINGS = YES;
				SWIFT_VERSION = 5.0;
				TARGETED_DEVICE_FAMILY = "1,2";
			};
			name = Release;
		};
		D0FC31B4299AF51E008059DB /* Debug */ = {
			isa = XCBuildConfiguration;
			buildSettings = {
				ALWAYS_EMBED_SWIFT_STANDARD_LIBRARIES = YES;
				BUNDLE_LOADER = "$(TEST_HOST)";
				CODE_SIGN_STYLE = Automatic;
				CURRENT_PROJECT_VERSION = 1;
				GENERATE_INFOPLIST_FILE = YES;
				IPHONEOS_DEPLOYMENT_TARGET = 16.2;
				MACOSX_DEPLOYMENT_TARGET = 12.6;
				MARKETING_VERSION = 1.0;
				PRODUCT_BUNDLE_IDENTIFIER = "Group17.Food-IdentificatorTests";
				PRODUCT_NAME = "$(TARGET_NAME)";
				SDKROOT = auto;
				SUPPORTED_PLATFORMS = "iphoneos iphonesimulator macosx";
				SWIFT_EMIT_LOC_STRINGS = NO;
				SWIFT_VERSION = 5.0;
				TARGETED_DEVICE_FAMILY = "1,2";
				TEST_HOST = "$(BUILT_PRODUCTS_DIR)/Food Identificator.app/$(BUNDLE_EXECUTABLE_FOLDER_PATH)/Food Identificator";
			};
			name = Debug;
		};
		D0FC31B5299AF51E008059DB /* Release */ = {
			isa = XCBuildConfiguration;
			buildSettings = {
				ALWAYS_EMBED_SWIFT_STANDARD_LIBRARIES = YES;
				BUNDLE_LOADER = "$(TEST_HOST)";
				CODE_SIGN_STYLE = Automatic;
				CURRENT_PROJECT_VERSION = 1;
				GENERATE_INFOPLIST_FILE = YES;
				IPHONEOS_DEPLOYMENT_TARGET = 16.2;
				MACOSX_DEPLOYMENT_TARGET = 12.6;
				MARKETING_VERSION = 1.0;
				PRODUCT_BUNDLE_IDENTIFIER = "Group17.Food-IdentificatorTests";
				PRODUCT_NAME = "$(TARGET_NAME)";
				SDKROOT = auto;
				SUPPORTED_PLATFORMS = "iphoneos iphonesimulator macosx";
				SWIFT_EMIT_LOC_STRINGS = NO;
				SWIFT_VERSION = 5.0;
				TARGETED_DEVICE_FAMILY = "1,2";
				TEST_HOST = "$(BUILT_PRODUCTS_DIR)/Food Identificator.app/$(BUNDLE_EXECUTABLE_FOLDER_PATH)/Food Identificator";
			};
			name = Release;
		};
		D0FC31B7299AF51E008059DB /* Debug */ = {
			isa = XCBuildConfiguration;
			buildSettings = {
				ALWAYS_EMBED_SWIFT_STANDARD_LIBRARIES = YES;
				CODE_SIGN_STYLE = Automatic;
				CURRENT_PROJECT_VERSION = 1;
				GENERATE_INFOPLIST_FILE = YES;
				IPHONEOS_DEPLOYMENT_TARGET = 16.2;
				MACOSX_DEPLOYMENT_TARGET = 12.6;
				MARKETING_VERSION = 1.0;
				PRODUCT_BUNDLE_IDENTIFIER = "Group17.Food-IdentificatorUITests";
				PRODUCT_NAME = "$(TARGET_NAME)";
				SDKROOT = auto;
				SUPPORTED_PLATFORMS = "iphoneos iphonesimulator macosx";
				SWIFT_EMIT_LOC_STRINGS = NO;
				SWIFT_VERSION = 5.0;
				TARGETED_DEVICE_FAMILY = "1,2";
				TEST_TARGET_NAME = "Food Identificator";
			};
			name = Debug;
		};
		D0FC31B8299AF51E008059DB /* Release */ = {
			isa = XCBuildConfiguration;
			buildSettings = {
				ALWAYS_EMBED_SWIFT_STANDARD_LIBRARIES = YES;
				CODE_SIGN_STYLE = Automatic;
				CURRENT_PROJECT_VERSION = 1;
				GENERATE_INFOPLIST_FILE = YES;
				IPHONEOS_DEPLOYMENT_TARGET = 16.2;
				MACOSX_DEPLOYMENT_TARGET = 12.6;
				MARKETING_VERSION = 1.0;
				PRODUCT_BUNDLE_IDENTIFIER = "Group17.Food-IdentificatorUITests";
				PRODUCT_NAME = "$(TARGET_NAME)";
				SDKROOT = auto;
				SUPPORTED_PLATFORMS = "iphoneos iphonesimulator macosx";
				SWIFT_EMIT_LOC_STRINGS = NO;
				SWIFT_VERSION = 5.0;
				TARGETED_DEVICE_FAMILY = "1,2";
				TEST_TARGET_NAME = "Food Identificator";
			};
			name = Release;
		};
/* End XCBuildConfiguration section */

/* Begin XCConfigurationList section */
		D0FC3186299AF51B008059DB /* Build configuration list for PBXProject "Food Identificator" */ = {
			isa = XCConfigurationList;
			buildConfigurations = (
				D0FC31AE299AF51E008059DB /* Debug */,
				D0FC31AF299AF51E008059DB /* Release */,
			);
			defaultConfigurationIsVisible = 0;
			defaultConfigurationName = Release;
		};
		D0FC31B0299AF51E008059DB /* Build configuration list for PBXNativeTarget "Food Identificator" */ = {
			isa = XCConfigurationList;
			buildConfigurations = (
				D0FC31B1299AF51E008059DB /* Debug */,
				D0FC31B2299AF51E008059DB /* Release */,
			);
			defaultConfigurationIsVisible = 0;
			defaultConfigurationName = Release;
		};
		D0FC31B3299AF51E008059DB /* Build configuration list for PBXNativeTarget "Food IdentificatorTests" */ = {
			isa = XCConfigurationList;
			buildConfigurations = (
				D0FC31B4299AF51E008059DB /* Debug */,
				D0FC31B5299AF51E008059DB /* Release */,
			);
			defaultConfigurationIsVisible = 0;
			defaultConfigurationName = Release;
		};
		D0FC31B6299AF51E008059DB /* Build configuration list for PBXNativeTarget "Food IdentificatorUITests" */ = {
			isa = XCConfigurationList;
			buildConfigurations = (
				D0FC31B7299AF51E008059DB /* Debug */,
				D0FC31B8299AF51E008059DB /* Release */,
			);
			defaultConfigurationIsVisible = 0;
			defaultConfigurationName = Release;
		};
/* End XCConfigurationList section */
	};
	rootObject = D0FC3183299AF51B008059DB /* Project object */;
}
